
Microsoft Visual Studio Solution File, Format Version 12.00
# Visual Studio Version 17
<<<<<<< HEAD
VisualStudioVersion = 17.14.36603.0 d17.14
=======
VisualStudioVersion = 17.14.36301.6
>>>>>>> origin/product
MinimumVisualStudioVersion = 10.0.40219.1
Project("{FAE04EC0-301F-11D3-BF4B-00C04F79EFBC}") = "Fastkart", "Fastkart.csproj", "{59255179-C39B-A185-6D89-60BEFCE5D592}"
EndProject
Global
	GlobalSection(SolutionConfigurationPlatforms) = preSolution
		Debug|Any CPU = Debug|Any CPU
		Release|Any CPU = Release|Any CPU
	EndGlobalSection
	GlobalSection(ProjectConfigurationPlatforms) = postSolution
		{59255179-C39B-A185-6D89-60BEFCE5D592}.Debug|Any CPU.ActiveCfg = Debug|Any CPU
		{59255179-C39B-A185-6D89-60BEFCE5D592}.Debug|Any CPU.Build.0 = Debug|Any CPU
		{59255179-C39B-A185-6D89-60BEFCE5D592}.Release|Any CPU.ActiveCfg = Release|Any CPU
		{59255179-C39B-A185-6D89-60BEFCE5D592}.Release|Any CPU.Build.0 = Release|Any CPU
	EndGlobalSection
	GlobalSection(SolutionProperties) = preSolution
		HideSolutionNode = FALSE
	EndGlobalSection
	GlobalSection(ExtensibilityGlobals) = postSolution
<<<<<<< HEAD
		SolutionGuid = {B6BFE4FF-98E0-4B08-970C-7D97728E6B68}
=======
		SolutionGuid = {5E94A82E-64FD-4304-A83F-0F7A6BB4211A}
>>>>>>> origin/product
	EndGlobalSection
EndGlobal
